
Microsoft Visual Studio Solution File, Format Version 12.00
# Visual Studio Version 16
VisualStudioVersion = 16.0.29509.3
MinimumVisualStudioVersion = 10.0.40219.1
Project("{FAE04EC0-301F-11D3-BF4B-00C04F79EFBC}") = "Det", "Det.csproj", "{34336062-F8E1-4463-B9FE-31149AF52F37}"
EndProject
Global
	GlobalSection(SolutionConfigurationPlatforms) = preSolution
		Debug|Any CPU = Debug|Any CPU
		Release|Any CPU = Release|Any CPU
	EndGlobalSection
	GlobalSection(ProjectConfigurationPlatforms) = postSolution
		{34336062-F8E1-4463-B9FE-31149AF52F37}.Debug|Any CPU.ActiveCfg = Debug|Any CPU
		{34336062-F8E1-4463-B9FE-31149AF52F37}.Debug|Any CPU.Build.0 = Debug|Any CPU
		{34336062-F8E1-4463-B9FE-31149AF52F37}.Release|Any CPU.ActiveCfg = Release|Any CPU
		{34336062-F8E1-4463-B9FE-31149AF52F37}.Release|Any CPU.Build.0 = Release|Any CPU
	EndGlobalSection
	GlobalSection(SolutionProperties) = preSolution
		HideSolutionNode = FALSE
	EndGlobalSection
	GlobalSection(ExtensibilityGlobals) = postSolution
		SolutionGuid = {F3EE689C-7154-48F2-A305-23CCF51E736E}
	EndGlobalSection
EndGlobal
